// !$*UTF8*$!
{
	archiveVersion = 1;
	classes = {
	};
	objectVersion = 46;
	objects = {

/* Begin PBXBuildFile section */
		C19F00B61DCD3ACC0099BE2C /* main.cpp in Sources */ = {isa = PBXBuildFile; fileRef = C19F00B51DCD3ACC0099BE2C /* main.cpp */; };
		C19F00C11DCD3B250099BE2C /* CreateTextFile.cpp in Sources */ = {isa = PBXBuildFile; fileRef = C19F00BF1DCD3B250099BE2C /* CreateTextFile.cpp */; };
		C19F00C41DCD3C500099BE2C /* CountCharacters.cpp in Sources */ = {isa = PBXBuildFile; fileRef = C19F00C21DCD3C500099BE2C /* CountCharacters.cpp */; };
		C19F00C71DCD3D810099BE2C /* BabyNames.cpp in Sources */ = {isa = PBXBuildFile; fileRef = C19F00C51DCD3D810099BE2C /* BabyNames.cpp */; };
		C19F00CA1DCD424C0099BE2C /* CircleClass.cpp in Sources */ = {isa = PBXBuildFile; fileRef = C19F00C81DCD424C0099BE2C /* CircleClass.cpp */; };
		C19F00CD1DCD469C0099BE2C /* ComplexClass.cpp in Sources */ = {isa = PBXBuildFile; fileRef = C19F00CB1DCD469C0099BE2C /* ComplexClass.cpp */; };
/* End PBXBuildFile section */

/* Begin PBXCopyFilesBuildPhase section */
		C19F00B01DCD3ACC0099BE2C /* CopyFiles */ = {
			isa = PBXCopyFilesBuildPhase;
			buildActionMask = 2147483647;
			dstPath = /usr/share/man/man1/;
			dstSubfolderSpec = 0;
			files = (
			);
			runOnlyForDeploymentPostprocessing = 1;
		};
/* End PBXCopyFilesBuildPhase section */

/* Begin PBXFileReference section */
		C19F00B21DCD3ACC0099BE2C /* CS172-HW#06 */ = {isa = PBXFileReference; explicitFileType = "compiled.mach-o.executable"; includeInIndex = 0; path = "CS172-HW#06"; sourceTree = BUILT_PRODUCTS_DIR; };
		C19F00B51DCD3ACC0099BE2C /* main.cpp */ = {isa = PBXFileReference; lastKnownFileType = sourcecode.cpp.cpp; path = main.cpp; sourceTree = "<group>"; };
		C19F00BF1DCD3B250099BE2C /* CreateTextFile.cpp */ = {isa = PBXFileReference; fileEncoding = 4; lastKnownFileType = sourcecode.cpp.cpp; path = CreateTextFile.cpp; sourceTree = "<group>"; };
		C19F00C01DCD3B250099BE2C /* CreateTextFile.hpp */ = {isa = PBXFileReference; fileEncoding = 4; lastKnownFileType = sourcecode.cpp.h; path = CreateTextFile.hpp; sourceTree = "<group>"; };
		C19F00C21DCD3C500099BE2C /* CountCharacters.cpp */ = {isa = PBXFileReference; fileEncoding = 4; lastKnownFileType = sourcecode.cpp.cpp; path = CountCharacters.cpp; sourceTree = "<group>"; };
		C19F00C31DCD3C500099BE2C /* CountCharacters.hpp */ = {isa = PBXFileReference; fileEncoding = 4; lastKnownFileType = sourcecode.cpp.h; path = CountCharacters.hpp; sourceTree = "<group>"; };
		C19F00C51DCD3D810099BE2C /* BabyNames.cpp */ = {isa = PBXFileReference; fileEncoding = 4; lastKnownFileType = sourcecode.cpp.cpp; path = BabyNames.cpp; sourceTree = "<group>"; };
		C19F00C61DCD3D810099BE2C /* BabyNames.hpp */ = {isa = PBXFileReference; fileEncoding = 4; lastKnownFileType = sourcecode.cpp.h; path = BabyNames.hpp; sourceTree = "<group>"; };
		C19F00C81DCD424C0099BE2C /* CircleClass.cpp */ = {isa = PBXFileReference; fileEncoding = 4; lastKnownFileType = sourcecode.cpp.cpp; path = CircleClass.cpp; sourceTree = "<group>"; };
		C19F00C91DCD424C0099BE2C /* CircleClass.hpp */ = {isa = PBXFileReference; fileEncoding = 4; lastKnownFileType = sourcecode.cpp.h; path = CircleClass.hpp; sourceTree = "<group>"; };
		C19F00CB1DCD469C0099BE2C /* ComplexClass.cpp */ = {isa = PBXFileReference; fileEncoding = 4; lastKnownFileType = sourcecode.cpp.cpp; path = ComplexClass.cpp; sourceTree = "<group>"; };
		C19F00CC1DCD469C0099BE2C /* ComplexClass.hpp */ = {isa = PBXFileReference; fileEncoding = 4; lastKnownFileType = sourcecode.cpp.h; path = ComplexClass.hpp; sourceTree = "<group>"; };
/* End PBXFileReference section */

/* Begin PBXFrameworksBuildPhase section */
		C19F00AF1DCD3ACC0099BE2C /* Frameworks */ = {
			isa = PBXFrameworksBuildPhase;
			buildActionMask = 2147483647;
			files = (
			);
			runOnlyForDeploymentPostprocessing = 0;
		};
/* End PBXFrameworksBuildPhase section */

/* Begin PBXGroup section */
		C19F00A91DCD3ACC0099BE2C = {
			isa = PBXGroup;
			children = (
				C19F00B41DCD3ACC0099BE2C /* CS172-HW#06 */,
				C19F00B31DCD3ACC0099BE2C /* Products */,
			);
			sourceTree = "<group>";
		};
		C19F00B31DCD3ACC0099BE2C /* Products */ = {
			isa = PBXGroup;
			children = (
				C19F00B21DCD3ACC0099BE2C /* CS172-HW#06 */,
			);
			name = Products;
			sourceTree = "<group>";
		};
		C19F00B41DCD3ACC0099BE2C /* CS172-HW#06 */ = {
			isa = PBXGroup;
			children = (
				C19F00B51DCD3ACC0099BE2C /* main.cpp */,
				C19F00BF1DCD3B250099BE2C /* CreateTextFile.cpp */,
				C19F00C01DCD3B250099BE2C /* CreateTextFile.hpp */,
				C19F00C21DCD3C500099BE2C /* CountCharacters.cpp */,
				C19F00C31DCD3C500099BE2C /* CountCharacters.hpp */,
				C19F00C51DCD3D810099BE2C /* BabyNames.cpp */,
				C19F00C61DCD3D810099BE2C /* BabyNames.hpp */,
				C19F00C81DCD424C0099BE2C /* CircleClass.cpp */,
				C19F00C91DCD424C0099BE2C /* CircleClass.hpp */,
				C19F00CB1DCD469C0099BE2C /* ComplexClass.cpp */,
				C19F00CC1DCD469C0099BE2C /* ComplexClass.hpp */,
			);
			path = "CS172-HW#06";
			sourceTree = "<group>";
		};
/* End PBXGroup section */

/* Begin PBXNativeTarget section */
		C19F00B11DCD3ACC0099BE2C /* CS172-HW#06 */ = {
			isa = PBXNativeTarget;
			buildConfigurationList = C19F00B91DCD3ACC0099BE2C /* Build configuration list for PBXNativeTarget "CS172-HW#06" */;
			buildPhases = (
				C19F00AE1DCD3ACC0099BE2C /* Sources */,
				C19F00AF1DCD3ACC0099BE2C /* Frameworks */,
				C19F00B01DCD3ACC0099BE2C /* CopyFiles */,
			);
			buildRules = (
			);
			dependencies = (
			);
			name = "CS172-HW#06";
			productName = "CS172-HW#06";
			productReference = C19F00B21DCD3ACC0099BE2C /* CS172-HW#06 */;
			productType = "com.apple.product-type.tool";
		};
/* End PBXNativeTarget section */

/* Begin PBXProject section */
		C19F00AA1DCD3ACC0099BE2C /* Project object */ = {
			isa = PBXProject;
			attributes = {
				LastUpgradeCheck = 0810;
				ORGANIZATIONNAME = "Megan Bruening";
				TargetAttributes = {
					C19F00B11DCD3ACC0099BE2C = {
						CreatedOnToolsVersion = 8.1;
						ProvisioningStyle = Automatic;
					};
				};
			};
			buildConfigurationList = C19F00AD1DCD3ACC0099BE2C /* Build configuration list for PBXProject "CS172-HW#06" */;
			compatibilityVersion = "Xcode 3.2";
			developmentRegion = English;
			hasScannedForEncodings = 0;
			knownRegions = (
				en,
			);
			mainGroup = C19F00A91DCD3ACC0099BE2C;
			productRefGroup = C19F00B31DCD3ACC0099BE2C /* Products */;
			projectDirPath = "";
			projectRoot = "";
			targets = (
				C19F00B11DCD3ACC0099BE2C /* CS172-HW#06 */,
			);
		};
/* End PBXProject section */

/* Begin PBXSourcesBuildPhase section */
		C19F00AE1DCD3ACC0099BE2C /* Sources */ = {
			isa = PBXSourcesBuildPhase;
			buildActionMask = 2147483647;
			files = (
				C19F00C71DCD3D810099BE2C /* BabyNames.cpp in Sources */,
				C19F00CA1DCD424C0099BE2C /* CircleClass.cpp in Sources */,
				C19F00C11DCD3B250099BE2C /* CreateTextFile.cpp in Sources */,
				C19F00CD1DCD469C0099BE2C /* ComplexClass.cpp in Sources */,
				C19F00B61DCD3ACC0099BE2C /* main.cpp in Sources */,
				C19F00C41DCD3C500099BE2C /* CountCharacters.cpp in Sources */,
			);
			runOnlyForDeploymentPostprocessing = 0;
		};
/* End PBXSourcesBuildPhase section */

/* Begin XCBuildConfiguration section */
		C19F00B71DCD3ACC0099BE2C /* Debug */ = {
			isa = XCBuildConfiguration;
			buildSettings = {
				ALWAYS_SEARCH_USER_PATHS = NO;
				CLANG_ANALYZER_NONNULL = YES;
				CLANG_CXX_LANGUAGE_STANDARD = "gnu++0x";
				CLANG_CXX_LIBRARY = "libc++";
				CLANG_ENABLE_MODULES = YES;
				CLANG_ENABLE_OBJC_ARC = YES;
				CLANG_WARN_BOOL_CONVERSION = YES;
				CLANG_WARN_CONSTANT_CONVERSION = YES;
				CLANG_WARN_DIRECT_OBJC_ISA_USAGE = YES_ERROR;
				CLANG_WARN_DOCUMENTATION_COMMENTS = YES;
				CLANG_WARN_EMPTY_BODY = YES;
				CLANG_WARN_ENUM_CONVERSION = YES;
				CLANG_WARN_INFINITE_RECURSION = YES;
				CLANG_WARN_INT_CONVERSION = YES;
				CLANG_WARN_OBJC_ROOT_CLASS = YES_ERROR;
				CLANG_WARN_SUSPICIOUS_MOVES = YES;
				CLANG_WARN_UNREACHABLE_CODE = YES;
				CLANG_WARN__DUPLICATE_METHOD_MATCH = YES;
				CODE_SIGN_IDENTITY = "-";
				COPY_PHASE_STRIP = NO;
				DEBUG_INFORMATION_FORMAT = dwarf;
				ENABLE_STRICT_OBJC_MSGSEND = YES;
				ENABLE_TESTABILITY = YES;
				GCC_C_LANGUAGE_STANDARD = gnu99;
				GCC_DYNAMIC_NO_PIC = NO;
				GCC_NO_COMMON_BLOCKS = YES;
				GCC_OPTIMIZATION_LEVEL = 0;
				GCC_PREPROCESSOR_DEFINITIONS = (
					"DEBUG=1",
					"$(inherited)",
				);
				GCC_WARN_64_TO_32_BIT_CONVERSION = YES;
				GCC_WARN_ABOUT_RETURN_TYPE = YES_ERROR;
				GCC_WARN_UNDECLARED_SELECTOR = YES;
				GCC_WARN_UNINITIALIZED_AUTOS = YES_AGGRESSIVE;
				GCC_WARN_UNUSED_FUNCTION = YES;
				GCC_WARN_UNUSED_VARIABLE = YES;
				MACOSX_DEPLOYMENT_TARGET = 10.12;
				MTL_ENABLE_DEBUG_INFO = YES;
				ONLY_ACTIVE_ARCH = YES;
				SDKROOT = macosx;
			};
			name = Debug;
		};
		C19F00B81DCD3ACC0099BE2C /* Release */ = {
			isa = XCBuildConfiguration;
			buildSettings = {
				ALWAYS_SEARCH_USER_PATHS = NO;
				CLANG_ANALYZER_NONNULL = YES;
				CLANG_CXX_LANGUAGE_STANDARD = "gnu++0x";
				CLANG_CXX_LIBRARY = "libc++";
				CLANG_ENABLE_MODULES = YES;
				CLANG_ENABLE_OBJC_ARC = YES;
				CLANG_WARN_BOOL_CONVERSION = YES;
				CLANG_WARN_CONSTANT_CONVERSION = YES;
				CLANG_WARN_DIRECT_OBJC_ISA_USAGE = YES_ERROR;
				CLANG_WARN_DOCUMENTATION_COMMENTS = YES;
				CLANG_WARN_EMPTY_BODY = YES;
				CLANG_WARN_ENUM_CONVERSION = YES;
				CLANG_WARN_INFINITE_RECURSION = YES;
				CLANG_WARN_INT_CONVERSION = YES;
				CLANG_WARN_OBJC_ROOT_CLASS = YES_ERROR;
				CLANG_WARN_SUSPICIOUS_MOVES = YES;
				CLANG_WARN_UNREACHABLE_CODE = YES;
				CLANG_WARN__DUPLICATE_METHOD_MATCH = YES;
				CODE_SIGN_IDENTITY = "-";
				COPY_PHASE_STRIP = NO;
				DEBUG_INFORMATION_FORMAT = "dwarf-with-dsym";
				ENABLE_NS_ASSERTIONS = NO;
				ENABLE_STRICT_OBJC_MSGSEND = YES;
				GCC_C_LANGUAGE_STANDARD = gnu99;
				GCC_NO_COMMON_BLOCKS = YES;
				GCC_WARN_64_TO_32_BIT_CONVERSION = YES;
				GCC_WARN_ABOUT_RETURN_TYPE = YES_ERROR;
				GCC_WARN_UNDECLARED_SELECTOR = YES;
				GCC_WARN_UNINITIALIZED_AUTOS = YES_AGGRESSIVE;
				GCC_WARN_UNUSED_FUNCTION = YES;
				GCC_WARN_UNUSED_VARIABLE = YES;
				MACOSX_DEPLOYMENT_TARGET = 10.12;
				MTL_ENABLE_DEBUG_INFO = NO;
				SDKROOT = macosx;
			};
			name = Release;
		};
		C19F00BA1DCD3ACC0099BE2C /* Debug */ = {
			isa = XCBuildConfiguration;
			buildSettings = {
				PRODUCT_NAME = "$(TARGET_NAME)";
			};
			name = Debug;
		};
		C19F00BB1DCD3ACC0099BE2C /* Release */ = {
			isa = XCBuildConfiguration;
			buildSettings = {
				PRODUCT_NAME = "$(TARGET_NAME)";
			};
			name = Release;
		};
/* End XCBuildConfiguration section */

/* Begin XCConfigurationList section */
		C19F00AD1DCD3ACC0099BE2C /* Build configuration list for PBXProject "CS172-HW#06" */ = {
			isa = XCConfigurationList;
			buildConfigurations = (
				C19F00B71DCD3ACC0099BE2C /* Debug */,
				C19F00B81DCD3ACC0099BE2C /* Release */,
			);
			defaultConfigurationIsVisible = 0;
			defaultConfigurationName = Release;
		};
		C19F00B91DCD3ACC0099BE2C /* Build configuration list for PBXNativeTarget "CS172-HW#06" */ = {
			isa = XCConfigurationList;
			buildConfigurations = (
				C19F00BA1DCD3ACC0099BE2C /* Debug */,
				C19F00BB1DCD3ACC0099BE2C /* Release */,
			);
			defaultConfigurationIsVisible = 0;
		};
/* End XCConfigurationList section */
	};
	rootObject = C19F00AA1DCD3ACC0099BE2C /* Project object */;
}
